
Microsoft Visual Studio Solution File, Format Version 12.00
# Visual Studio Version 17
VisualStudioVersion = 17.9.34607.119
MinimumVisualStudioVersion = 10.0.40219.1
Project("{8BC9CEB8-8B4A-11D0-8D11-00A0C91BC942}") = "ALL_BUILD", "ALL_BUILD.vcxproj", "{322996C8-5B51-3CC4-95E6-FCBD545BFF82}"
	ProjectSection(ProjectDependencies) = postProject
		{01A13F13-C3AF-3B8D-9055-1E34C72EB3D5} = {01A13F13-C3AF-3B8D-9055-1E34C72EB3D5}
		{06107527-439A-3C35-B185-6947956B9B70} = {06107527-439A-3C35-B185-6947956B9B70}
		{0AA0060C-AF5A-339D-B2CB-CAA601A8AD25} = {0AA0060C-AF5A-339D-B2CB-CAA601A8AD25}
		{1CF510FE-A8B3-3A6E-BEB5-C5883A5EA391} = {1CF510FE-A8B3-3A6E-BEB5-C5883A5EA391}
		{36C36D50-5C0A-3BE7-AC98-247F3907BC45} = {36C36D50-5C0A-3BE7-AC98-247F3907BC45}
		{394B1D90-3F17-37F3-B2B1-7E14DF7B452F} = {394B1D90-3F17-37F3-B2B1-7E14DF7B452F}
		{47BE4D16-8E10-3D86-8998-1D36FF088440} = {47BE4D16-8E10-3D86-8998-1D36FF088440}
		{6FBA3766-125A-33F6-9BB1-BC0F7DAAAF75} = {6FBA3766-125A-33F6-9BB1-BC0F7DAAAF75}
		{75E7AE44-15E0-356F-A77F-6BDBEA9206C9} = {75E7AE44-15E0-356F-A77F-6BDBEA9206C9}
		{898B04FE-1A94-406A-9618-735E377BD645} = {898B04FE-1A94-406A-9618-735E377BD645}
		{943AB030-73C6-3017-99D1-81EB38A7B6FA} = {943AB030-73C6-3017-99D1-81EB38A7B6FA}
		{D57A6E78-E46A-31CB-B5A6-4447567A28E0} = {D57A6E78-E46A-31CB-B5A6-4447567A28E0}
		{F1D98777-5D7B-3A1B-BBFE-A32E26B18058} = {F1D98777-5D7B-3A1B-BBFE-A32E26B18058}
		{FDA4F2E6-14E5-3130-A862-A6E4B7EF975C} = {FDA4F2E6-14E5-3130-A862-A6E4B7EF975C}
	EndProjectSection
EndProject
Project("{8BC9CEB8-8B4A-11D0-8D11-00A0C91BC942}") = "PACKAGE", "PACKAGE.vcxproj", "{5B61559F-AE5E-3C9E-A788-98CEF3E82406}"
	ProjectSection(ProjectDependencies) = postProject
		{322996C8-5B51-3CC4-95E6-FCBD545BFF82} = {322996C8-5B51-3CC4-95E6-FCBD545BFF82}
	EndProjectSection
EndProject
Project("{8BC9CEB8-8B4A-11D0-8D11-00A0C91BC942}") = "airfoil_self_noise", "examples\airfoil_self_noise\airfoil_self_noise.vcxproj", "{0AA0060C-AF5A-339D-B2CB-CAA601A8AD25}"
	ProjectSection(ProjectDependencies) = postProject
		{36C36D50-5C0A-3BE7-AC98-247F3907BC45} = {36C36D50-5C0A-3BE7-AC98-247F3907BC45}
	EndProjectSection
EndProject
Project("{8BC9CEB8-8B4A-11D0-8D11-00A0C91BC942}") = "blank", "blank\blank.vcxproj", "{D57A6E78-E46A-31CB-B5A6-4447567A28E0}"
	ProjectSection(ProjectDependencies) = postProject
		{36C36D50-5C0A-3BE7-AC98-247F3907BC45} = {36C36D50-5C0A-3BE7-AC98-247F3907BC45}
	EndProjectSection
EndProject
Project("{8BC9CEB8-8B4A-11D0-8D11-00A0C91BC942}") = "breast_cancer", "examples\breast_cancer\breast_cancer.vcxproj", "{FDA4F2E6-14E5-3130-A862-A6E4B7EF975C}"
	ProjectSection(ProjectDependencies) = postProject
		{36C36D50-5C0A-3BE7-AC98-247F3907BC45} = {36C36D50-5C0A-3BE7-AC98-247F3907BC45}
	EndProjectSection
EndProject
Project("{8BC9CEB8-8B4A-11D0-8D11-00A0C91BC942}") = "iris_plant", "examples\iris_plant\iris_plant.vcxproj", "{394B1D90-3F17-37F3-B2B1-7E14DF7B452F}"
	ProjectSection(ProjectDependencies) = postProject
		{36C36D50-5C0A-3BE7-AC98-247F3907BC45} = {36C36D50-5C0A-3BE7-AC98-247F3907BC45}
	EndProjectSection
EndProject
Project("{8BC9CEB8-8B4A-11D0-8D11-00A0C91BC942}") = "leukemia", "examples\leukemia\leukemia.vcxproj", "{06107527-439A-3C35-B185-6947956B9B70}"
	ProjectSection(ProjectDependencies) = postProject
		{36C36D50-5C0A-3BE7-AC98-247F3907BC45} = {36C36D50-5C0A-3BE7-AC98-247F3907BC45}
	EndProjectSection
EndProject
Project("{8BC9CEB8-8B4A-11D0-8D11-00A0C91BC942}") = "logical_operations", "examples\logical_operations\logical_operations.vcxproj", "{1CF510FE-A8B3-3A6E-BEB5-C5883A5EA391}"
	ProjectSection(ProjectDependencies) = postProject
		{36C36D50-5C0A-3BE7-AC98-247F3907BC45} = {36C36D50-5C0A-3BE7-AC98-247F3907BC45}
	EndProjectSection
EndProject
Project("{8BC9CEB8-8B4A-11D0-8D11-00A0C91BC942}") = "mnist", "examples\mnist\mnist.vcxproj", "{6FBA3766-125A-33F6-9BB1-BC0F7DAAAF75}"
	ProjectSection(ProjectDependencies) = postProject
		{36C36D50-5C0A-3BE7-AC98-247F3907BC45} = {36C36D50-5C0A-3BE7-AC98-247F3907BC45}
	EndProjectSection
EndProject
Project("{8BC9CEB8-8B4A-11D0-8D11-00A0C91BC942}") = "opennn", "opennn\opennn.vcxproj", "{36C36D50-5C0A-3BE7-AC98-247F3907BC45}"
EndProject
Project("{8BC9CEB8-8B4A-11D0-8D11-00A0C91BC942}") = "outlier_detection", "examples\outlier_detection\outlier_detection.vcxproj", "{943AB030-73C6-3017-99D1-81EB38A7B6FA}"
	ProjectSection(ProjectDependencies) = postProject
		{36C36D50-5C0A-3BE7-AC98-247F3907BC45} = {36C36D50-5C0A-3BE7-AC98-247F3907BC45}
	EndProjectSection
EndProject
Project("{8BC9CEB8-8B4A-11D0-8D11-00A0C91BC942}") = "rosenbrock", "examples\rosenbrock\rosenbrock.vcxproj", "{47BE4D16-8E10-3D86-8998-1D36FF088440}"
	ProjectSection(ProjectDependencies) = postProject
		{36C36D50-5C0A-3BE7-AC98-247F3907BC45} = {36C36D50-5C0A-3BE7-AC98-247F3907BC45}
	EndProjectSection
EndProject
Project("{8BC9CEB8-8B4A-11D0-8D11-00A0C91BC942}") = "simple_approximation", "examples\simple_approximation\simple_approximation.vcxproj", "{75E7AE44-15E0-356F-A77F-6BDBEA9206C9}"
	ProjectSection(ProjectDependencies) = postProject
		{36C36D50-5C0A-3BE7-AC98-247F3907BC45} = {36C36D50-5C0A-3BE7-AC98-247F3907BC45}
	EndProjectSection
EndProject
Project("{8BC9CEB8-8B4A-11D0-8D11-00A0C91BC942}") = "simple_classification", "examples\simple_classification\simple_classification.vcxproj", "{01A13F13-C3AF-3B8D-9055-1E34C72EB3D5}"
	ProjectSection(ProjectDependencies) = postProject
		{36C36D50-5C0A-3BE7-AC98-247F3907BC45} = {36C36D50-5C0A-3BE7-AC98-247F3907BC45}
	EndProjectSection
EndProject
Project("{8BC9CEB8-8B4A-11D0-8D11-00A0C91BC942}") = "tests", "tests\tests.vcxproj", "{F1D98777-5D7B-3A1B-BBFE-A32E26B18058}"
	ProjectSection(ProjectDependencies) = postProject
		{36C36D50-5C0A-3BE7-AC98-247F3907BC45} = {36C36D50-5C0A-3BE7-AC98-247F3907BC45}
	EndProjectSection
EndProject
Global
	GlobalSection(SolutionConfigurationPlatforms) = preSolution
		Debug|x64 = Debug|x64
		Debug|x86 = Debug|x86
		MinSizeRel|x64 = MinSizeRel|x64
		MinSizeRel|x86 = MinSizeRel|x86
		Release|x64 = Release|x64
		Release|x86 = Release|x86
		RelWithDebInfo|x64 = RelWithDebInfo|x64
		RelWithDebInfo|x86 = RelWithDebInfo|x86
	EndGlobalSection
	GlobalSection(ProjectConfigurationPlatforms) = postSolution
		{322996C8-5B51-3CC4-95E6-FCBD545BFF82}.Debug|x64.ActiveCfg = Debug|x64
		{322996C8-5B51-3CC4-95E6-FCBD545BFF82}.Debug|x64.Build.0 = Debug|x64
		{322996C8-5B51-3CC4-95E6-FCBD545BFF82}.Debug|x86.ActiveCfg = Debug|x64
		{322996C8-5B51-3CC4-95E6-FCBD545BFF82}.Debug|x86.Build.0 = Debug|x64
		{322996C8-5B51-3CC4-95E6-FCBD545BFF82}.MinSizeRel|x64.ActiveCfg = MinSizeRel|x64
		{322996C8-5B51-3CC4-95E6-FCBD545BFF82}.MinSizeRel|x64.Build.0 = MinSizeRel|x64
		{322996C8-5B51-3CC4-95E6-FCBD545BFF82}.MinSizeRel|x86.ActiveCfg = MinSizeRel|x64
		{322996C8-5B51-3CC4-95E6-FCBD545BFF82}.MinSizeRel|x86.Build.0 = MinSizeRel|x64
		{322996C8-5B51-3CC4-95E6-FCBD545BFF82}.Release|x64.ActiveCfg = Release|x64
		{322996C8-5B51-3CC4-95E6-FCBD545BFF82}.Release|x64.Build.0 = Release|x64
		{322996C8-5B51-3CC4-95E6-FCBD545BFF82}.Release|x86.ActiveCfg = Release|x64
		{322996C8-5B51-3CC4-95E6-FCBD545BFF82}.Release|x86.Build.0 = Release|x64
		{322996C8-5B51-3CC4-95E6-FCBD545BFF82}.RelWithDebInfo|x64.ActiveCfg = RelWithDebInfo|x64
		{322996C8-5B51-3CC4-95E6-FCBD545BFF82}.RelWithDebInfo|x64.Build.0 = RelWithDebInfo|x64
		{322996C8-5B51-3CC4-95E6-FCBD545BFF82}.RelWithDebInfo|x86.ActiveCfg = RelWithDebInfo|x64
		{322996C8-5B51-3CC4-95E6-FCBD545BFF82}.RelWithDebInfo|x86.Build.0 = RelWithDebInfo|x64
		{5B61559F-AE5E-3C9E-A788-98CEF3E82406}.Debug|x64.ActiveCfg = Debug|x64
		{5B61559F-AE5E-3C9E-A788-98CEF3E82406}.Debug|x86.ActiveCfg = Debug|x64
		{5B61559F-AE5E-3C9E-A788-98CEF3E82406}.Debug|x86.Build.0 = Debug|x64
		{5B61559F-AE5E-3C9E-A788-98CEF3E82406}.MinSizeRel|x64.ActiveCfg = MinSizeRel|x64
		{5B61559F-AE5E-3C9E-A788-98CEF3E82406}.MinSizeRel|x86.ActiveCfg = MinSizeRel|x64
		{5B61559F-AE5E-3C9E-A788-98CEF3E82406}.MinSizeRel|x86.Build.0 = MinSizeRel|x64
		{5B61559F-AE5E-3C9E-A788-98CEF3E82406}.Release|x64.ActiveCfg = Release|x64
		{5B61559F-AE5E-3C9E-A788-98CEF3E82406}.Release|x86.ActiveCfg = Release|x64
		{5B61559F-AE5E-3C9E-A788-98CEF3E82406}.Release|x86.Build.0 = Release|x64
		{5B61559F-AE5E-3C9E-A788-98CEF3E82406}.RelWithDebInfo|x64.ActiveCfg = RelWithDebInfo|x64
		{5B61559F-AE5E-3C9E-A788-98CEF3E82406}.RelWithDebInfo|x86.ActiveCfg = RelWithDebInfo|x64
		{5B61559F-AE5E-3C9E-A788-98CEF3E82406}.RelWithDebInfo|x86.Build.0 = RelWithDebInfo|x64
		{0AA0060C-AF5A-339D-B2CB-CAA601A8AD25}.Debug|x64.ActiveCfg = Debug|x64
		{0AA0060C-AF5A-339D-B2CB-CAA601A8AD25}.Debug|x64.Build.0 = Debug|x64
		{0AA0060C-AF5A-339D-B2CB-CAA601A8AD25}.Debug|x86.ActiveCfg = Debug|x64
		{0AA0060C-AF5A-339D-B2CB-CAA601A8AD25}.Debug|x86.Build.0 = Debug|x64
		{0AA0060C-AF5A-339D-B2CB-CAA601A8AD25}.MinSizeRel|x64.ActiveCfg = MinSizeRel|x64
		{0AA0060C-AF5A-339D-B2CB-CAA601A8AD25}.MinSizeRel|x64.Build.0 = MinSizeRel|x64
		{0AA0060C-AF5A-339D-B2CB-CAA601A8AD25}.MinSizeRel|x86.ActiveCfg = MinSizeRel|x64
		{0AA0060C-AF5A-339D-B2CB-CAA601A8AD25}.MinSizeRel|x86.Build.0 = MinSizeRel|x64
		{0AA0060C-AF5A-339D-B2CB-CAA601A8AD25}.Release|x64.ActiveCfg = Release|x64
		{0AA0060C-AF5A-339D-B2CB-CAA601A8AD25}.Release|x64.Build.0 = Release|x64
		{0AA0060C-AF5A-339D-B2CB-CAA601A8AD25}.Release|x86.ActiveCfg = Release|x64
		{0AA0060C-AF5A-339D-B2CB-CAA601A8AD25}.Release|x86.Build.0 = Release|x64
		{0AA0060C-AF5A-339D-B2CB-CAA601A8AD25}.RelWithDebInfo|x64.ActiveCfg = RelWithDebInfo|x64
		{0AA0060C-AF5A-339D-B2CB-CAA601A8AD25}.RelWithDebInfo|x64.Build.0 = RelWithDebInfo|x64
		{0AA0060C-AF5A-339D-B2CB-CAA601A8AD25}.RelWithDebInfo|x86.ActiveCfg = RelWithDebInfo|x64
		{0AA0060C-AF5A-339D-B2CB-CAA601A8AD25}.RelWithDebInfo|x86.Build.0 = RelWithDebInfo|x64
		{D57A6E78-E46A-31CB-B5A6-4447567A28E0}.Debug|x64.ActiveCfg = Debug|x64
		{D57A6E78-E46A-31CB-B5A6-4447567A28E0}.Debug|x64.Build.0 = Debug|x64
		{D57A6E78-E46A-31CB-B5A6-4447567A28E0}.Debug|x86.ActiveCfg = Debug|x64
		{D57A6E78-E46A-31CB-B5A6-4447567A28E0}.Debug|x86.Build.0 = Debug|x64
		{D57A6E78-E46A-31CB-B5A6-4447567A28E0}.MinSizeRel|x64.ActiveCfg = MinSizeRel|x64
		{D57A6E78-E46A-31CB-B5A6-4447567A28E0}.MinSizeRel|x64.Build.0 = MinSizeRel|x64
		{D57A6E78-E46A-31CB-B5A6-4447567A28E0}.MinSizeRel|x86.ActiveCfg = MinSizeRel|x64
		{D57A6E78-E46A-31CB-B5A6-4447567A28E0}.MinSizeRel|x86.Build.0 = MinSizeRel|x64
		{D57A6E78-E46A-31CB-B5A6-4447567A28E0}.Release|x64.ActiveCfg = Release|x64
		{D57A6E78-E46A-31CB-B5A6-4447567A28E0}.Release|x64.Build.0 = Release|x64
		{D57A6E78-E46A-31CB-B5A6-4447567A28E0}.Release|x86.ActiveCfg = Release|x64
		{D57A6E78-E46A-31CB-B5A6-4447567A28E0}.Release|x86.Build.0 = Release|x64
		{D57A6E78-E46A-31CB-B5A6-4447567A28E0}.RelWithDebInfo|x64.ActiveCfg = RelWithDebInfo|x64
		{D57A6E78-E46A-31CB-B5A6-4447567A28E0}.RelWithDebInfo|x64.Build.0 = RelWithDebInfo|x64
		{D57A6E78-E46A-31CB-B5A6-4447567A28E0}.RelWithDebInfo|x86.ActiveCfg = RelWithDebInfo|x64
		{D57A6E78-E46A-31CB-B5A6-4447567A28E0}.RelWithDebInfo|x86.Build.0 = RelWithDebInfo|x64
		{FDA4F2E6-14E5-3130-A862-A6E4B7EF975C}.Debug|x64.ActiveCfg = Debug|x64
		{FDA4F2E6-14E5-3130-A862-A6E4B7EF975C}.Debug|x64.Build.0 = Debug|x64
		{FDA4F2E6-14E5-3130-A862-A6E4B7EF975C}.Debug|x86.ActiveCfg = Debug|x64
		{FDA4F2E6-14E5-3130-A862-A6E4B7EF975C}.Debug|x86.Build.0 = Debug|x64
		{FDA4F2E6-14E5-3130-A862-A6E4B7EF975C}.MinSizeRel|x64.ActiveCfg = MinSizeRel|x64
		{FDA4F2E6-14E5-3130-A862-A6E4B7EF975C}.MinSizeRel|x64.Build.0 = MinSizeRel|x64
		{FDA4F2E6-14E5-3130-A862-A6E4B7EF975C}.MinSizeRel|x86.ActiveCfg = MinSizeRel|x64
		{FDA4F2E6-14E5-3130-A862-A6E4B7EF975C}.MinSizeRel|x86.Build.0 = MinSizeRel|x64
		{FDA4F2E6-14E5-3130-A862-A6E4B7EF975C}.Release|x64.ActiveCfg = Release|x64
		{FDA4F2E6-14E5-3130-A862-A6E4B7EF975C}.Release|x64.Build.0 = Release|x64
		{FDA4F2E6-14E5-3130-A862-A6E4B7EF975C}.Release|x86.ActiveCfg = Release|x64
		{FDA4F2E6-14E5-3130-A862-A6E4B7EF975C}.Release|x86.Build.0 = Release|x64
		{FDA4F2E6-14E5-3130-A862-A6E4B7EF975C}.RelWithDebInfo|x64.ActiveCfg = RelWithDebInfo|x64
		{FDA4F2E6-14E5-3130-A862-A6E4B7EF975C}.RelWithDebInfo|x64.Build.0 = RelWithDebInfo|x64
		{FDA4F2E6-14E5-3130-A862-A6E4B7EF975C}.RelWithDebInfo|x86.ActiveCfg = RelWithDebInfo|x64
		{FDA4F2E6-14E5-3130-A862-A6E4B7EF975C}.RelWithDebInfo|x86.Build.0 = RelWithDebInfo|x64
		{394B1D90-3F17-37F3-B2B1-7E14DF7B452F}.Debug|x64.ActiveCfg = Debug|x64
		{394B1D90-3F17-37F3-B2B1-7E14DF7B452F}.Debug|x64.Build.0 = Debug|x64
		{394B1D90-3F17-37F3-B2B1-7E14DF7B452F}.Debug|x86.ActiveCfg = Debug|x64
		{394B1D90-3F17-37F3-B2B1-7E14DF7B452F}.Debug|x86.Build.0 = Debug|x64
		{394B1D90-3F17-37F3-B2B1-7E14DF7B452F}.MinSizeRel|x64.ActiveCfg = MinSizeRel|x64
		{394B1D90-3F17-37F3-B2B1-7E14DF7B452F}.MinSizeRel|x64.Build.0 = MinSizeRel|x64
		{394B1D90-3F17-37F3-B2B1-7E14DF7B452F}.MinSizeRel|x86.ActiveCfg = MinSizeRel|x64
		{394B1D90-3F17-37F3-B2B1-7E14DF7B452F}.MinSizeRel|x86.Build.0 = MinSizeRel|x64
		{394B1D90-3F17-37F3-B2B1-7E14DF7B452F}.Release|x64.ActiveCfg = Release|x64
		{394B1D90-3F17-37F3-B2B1-7E14DF7B452F}.Release|x64.Build.0 = Release|x64
		{394B1D90-3F17-37F3-B2B1-7E14DF7B452F}.Release|x86.ActiveCfg = Release|x64
		{394B1D90-3F17-37F3-B2B1-7E14DF7B452F}.Release|x86.Build.0 = Release|x64
		{394B1D90-3F17-37F3-B2B1-7E14DF7B452F}.RelWithDebInfo|x64.ActiveCfg = RelWithDebInfo|x64
		{394B1D90-3F17-37F3-B2B1-7E14DF7B452F}.RelWithDebInfo|x64.Build.0 = RelWithDebInfo|x64
		{394B1D90-3F17-37F3-B2B1-7E14DF7B452F}.RelWithDebInfo|x86.ActiveCfg = RelWithDebInfo|x64
		{394B1D90-3F17-37F3-B2B1-7E14DF7B452F}.RelWithDebInfo|x86.Build.0 = RelWithDebInfo|x64
		{06107527-439A-3C35-B185-6947956B9B70}.Debug|x64.ActiveCfg = Debug|x64
		{06107527-439A-3C35-B185-6947956B9B70}.Debug|x64.Build.0 = Debug|x64
		{06107527-439A-3C35-B185-6947956B9B70}.Debug|x86.ActiveCfg = Debug|x64
		{06107527-439A-3C35-B185-6947956B9B70}.Debug|x86.Build.0 = Debug|x64
		{06107527-439A-3C35-B185-6947956B9B70}.MinSizeRel|x64.ActiveCfg = MinSizeRel|x64
		{06107527-439A-3C35-B185-6947956B9B70}.MinSizeRel|x64.Build.0 = MinSizeRel|x64
		{06107527-439A-3C35-B185-6947956B9B70}.MinSizeRel|x86.ActiveCfg = MinSizeRel|x64
		{06107527-439A-3C35-B185-6947956B9B70}.MinSizeRel|x86.Build.0 = MinSizeRel|x64
		{06107527-439A-3C35-B185-6947956B9B70}.Release|x64.ActiveCfg = Release|x64
		{06107527-439A-3C35-B185-6947956B9B70}.Release|x64.Build.0 = Release|x64
		{06107527-439A-3C35-B185-6947956B9B70}.Release|x86.ActiveCfg = Release|x64
		{06107527-439A-3C35-B185-6947956B9B70}.Release|x86.Build.0 = Release|x64
		{06107527-439A-3C35-B185-6947956B9B70}.RelWithDebInfo|x64.ActiveCfg = RelWithDebInfo|x64
		{06107527-439A-3C35-B185-6947956B9B70}.RelWithDebInfo|x64.Build.0 = RelWithDebInfo|x64
		{06107527-439A-3C35-B185-6947956B9B70}.RelWithDebInfo|x86.ActiveCfg = RelWithDebInfo|x64
		{06107527-439A-3C35-B185-6947956B9B70}.RelWithDebInfo|x86.Build.0 = RelWithDebInfo|x64
		{1CF510FE-A8B3-3A6E-BEB5-C5883A5EA391}.Debug|x64.ActiveCfg = Debug|x64
		{1CF510FE-A8B3-3A6E-BEB5-C5883A5EA391}.Debug|x64.Build.0 = Debug|x64
		{1CF510FE-A8B3-3A6E-BEB5-C5883A5EA391}.Debug|x86.ActiveCfg = Debug|x64
		{1CF510FE-A8B3-3A6E-BEB5-C5883A5EA391}.Debug|x86.Build.0 = Debug|x64
		{1CF510FE-A8B3-3A6E-BEB5-C5883A5EA391}.MinSizeRel|x64.ActiveCfg = MinSizeRel|x64
		{1CF510FE-A8B3-3A6E-BEB5-C5883A5EA391}.MinSizeRel|x64.Build.0 = MinSizeRel|x64
		{1CF510FE-A8B3-3A6E-BEB5-C5883A5EA391}.MinSizeRel|x86.ActiveCfg = MinSizeRel|x64
		{1CF510FE-A8B3-3A6E-BEB5-C5883A5EA391}.MinSizeRel|x86.Build.0 = MinSizeRel|x64
		{1CF510FE-A8B3-3A6E-BEB5-C5883A5EA391}.Release|x64.ActiveCfg = Release|x64
		{1CF510FE-A8B3-3A6E-BEB5-C5883A5EA391}.Release|x64.Build.0 = Release|x64
		{1CF510FE-A8B3-3A6E-BEB5-C5883A5EA391}.Release|x86.ActiveCfg = Release|x64
		{1CF510FE-A8B3-3A6E-BEB5-C5883A5EA391}.Release|x86.Build.0 = Release|x64
		{1CF510FE-A8B3-3A6E-BEB5-C5883A5EA391}.RelWithDebInfo|x64.ActiveCfg = RelWithDebInfo|x64
		{1CF510FE-A8B3-3A6E-BEB5-C5883A5EA391}.RelWithDebInfo|x64.Build.0 = RelWithDebInfo|x64
		{1CF510FE-A8B3-3A6E-BEB5-C5883A5EA391}.RelWithDebInfo|x86.ActiveCfg = RelWithDebInfo|x64
		{1CF510FE-A8B3-3A6E-BEB5-C5883A5EA391}.RelWithDebInfo|x86.Build.0 = RelWithDebInfo|x64
		{6FBA3766-125A-33F6-9BB1-BC0F7DAAAF75}.Debug|x64.ActiveCfg = Debug|x64
		{6FBA3766-125A-33F6-9BB1-BC0F7DAAAF75}.Debug|x64.Build.0 = Debug|x64
		{6FBA3766-125A-33F6-9BB1-BC0F7DAAAF75}.Debug|x86.ActiveCfg = Debug|x64
		{6FBA3766-125A-33F6-9BB1-BC0F7DAAAF75}.Debug|x86.Build.0 = Debug|x64
		{6FBA3766-125A-33F6-9BB1-BC0F7DAAAF75}.MinSizeRel|x64.ActiveCfg = MinSizeRel|x64
		{6FBA3766-125A-33F6-9BB1-BC0F7DAAAF75}.MinSizeRel|x64.Build.0 = MinSizeRel|x64
		{6FBA3766-125A-33F6-9BB1-BC0F7DAAAF75}.MinSizeRel|x86.ActiveCfg = MinSizeRel|x64
		{6FBA3766-125A-33F6-9BB1-BC0F7DAAAF75}.MinSizeRel|x86.Build.0 = MinSizeRel|x64
		{6FBA3766-125A-33F6-9BB1-BC0F7DAAAF75}.Release|x64.ActiveCfg = Release|x64
		{6FBA3766-125A-33F6-9BB1-BC0F7DAAAF75}.Release|x64.Build.0 = Release|x64
		{6FBA3766-125A-33F6-9BB1-BC0F7DAAAF75}.Release|x86.ActiveCfg = Release|x64
		{6FBA3766-125A-33F6-9BB1-BC0F7DAAAF75}.Release|x86.Build.0 = Release|x64
		{6FBA3766-125A-33F6-9BB1-BC0F7DAAAF75}.RelWithDebInfo|x64.ActiveCfg = RelWithDebInfo|x64
		{6FBA3766-125A-33F6-9BB1-BC0F7DAAAF75}.RelWithDebInfo|x64.Build.0 = RelWithDebInfo|x64
		{6FBA3766-125A-33F6-9BB1-BC0F7DAAAF75}.RelWithDebInfo|x86.ActiveCfg = RelWithDebInfo|x64
		{6FBA3766-125A-33F6-9BB1-BC0F7DAAAF75}.RelWithDebInfo|x86.Build.0 = RelWithDebInfo|x64
		{36C36D50-5C0A-3BE7-AC98-247F3907BC45}.Debug|x64.ActiveCfg = Debug|x64
		{36C36D50-5C0A-3BE7-AC98-247F3907BC45}.Debug|x64.Build.0 = Debug|x64
		{36C36D50-5C0A-3BE7-AC98-247F3907BC45}.Debug|x86.ActiveCfg = Debug|x64
		{36C36D50-5C0A-3BE7-AC98-247F3907BC45}.Debug|x86.Build.0 = Debug|x64
		{36C36D50-5C0A-3BE7-AC98-247F3907BC45}.MinSizeRel|x64.ActiveCfg = MinSizeRel|x64
		{36C36D50-5C0A-3BE7-AC98-247F3907BC45}.MinSizeRel|x64.Build.0 = MinSizeRel|x64
		{36C36D50-5C0A-3BE7-AC98-247F3907BC45}.MinSizeRel|x86.ActiveCfg = MinSizeRel|x64
		{36C36D50-5C0A-3BE7-AC98-247F3907BC45}.MinSizeRel|x86.Build.0 = MinSizeRel|x64
		{36C36D50-5C0A-3BE7-AC98-247F3907BC45}.Release|x64.ActiveCfg = Release|x64
		{36C36D50-5C0A-3BE7-AC98-247F3907BC45}.Release|x64.Build.0 = Release|x64
		{36C36D50-5C0A-3BE7-AC98-247F3907BC45}.Release|x86.ActiveCfg = Release|x64
		{36C36D50-5C0A-3BE7-AC98-247F3907BC45}.Release|x86.Build.0 = Release|x64
		{36C36D50-5C0A-3BE7-AC98-247F3907BC45}.RelWithDebInfo|x64.ActiveCfg = RelWithDebInfo|x64
		{36C36D50-5C0A-3BE7-AC98-247F3907BC45}.RelWithDebInfo|x64.Build.0 = RelWithDebInfo|x64
		{36C36D50-5C0A-3BE7-AC98-247F3907BC45}.RelWithDebInfo|x86.ActiveCfg = RelWithDebInfo|x64
		{36C36D50-5C0A-3BE7-AC98-247F3907BC45}.RelWithDebInfo|x86.Build.0 = RelWithDebInfo|x64
		{943AB030-73C6-3017-99D1-81EB38A7B6FA}.Debug|x64.ActiveCfg = Debug|x64
		{943AB030-73C6-3017-99D1-81EB38A7B6FA}.Debug|x64.Build.0 = Debug|x64
		{943AB030-73C6-3017-99D1-81EB38A7B6FA}.Debug|x86.ActiveCfg = Debug|x64
		{943AB030-73C6-3017-99D1-81EB38A7B6FA}.Debug|x86.Build.0 = Debug|x64
		{943AB030-73C6-3017-99D1-81EB38A7B6FA}.MinSizeRel|x64.ActiveCfg = MinSizeRel|x64
		{943AB030-73C6-3017-99D1-81EB38A7B6FA}.MinSizeRel|x64.Build.0 = MinSizeRel|x64
		{943AB030-73C6-3017-99D1-81EB38A7B6FA}.MinSizeRel|x86.ActiveCfg = MinSizeRel|x64
		{943AB030-73C6-3017-99D1-81EB38A7B6FA}.MinSizeRel|x86.Build.0 = MinSizeRel|x64
		{943AB030-73C6-3017-99D1-81EB38A7B6FA}.Release|x64.ActiveCfg = Release|x64
		{943AB030-73C6-3017-99D1-81EB38A7B6FA}.Release|x64.Build.0 = Release|x64
		{943AB030-73C6-3017-99D1-81EB38A7B6FA}.Release|x86.ActiveCfg = Release|x64
		{943AB030-73C6-3017-99D1-81EB38A7B6FA}.Release|x86.Build.0 = Release|x64
		{943AB030-73C6-3017-99D1-81EB38A7B6FA}.RelWithDebInfo|x64.ActiveCfg = RelWithDebInfo|x64
		{943AB030-73C6-3017-99D1-81EB38A7B6FA}.RelWithDebInfo|x64.Build.0 = RelWithDebInfo|x64
		{943AB030-73C6-3017-99D1-81EB38A7B6FA}.RelWithDebInfo|x86.ActiveCfg = RelWithDebInfo|x64
		{943AB030-73C6-3017-99D1-81EB38A7B6FA}.RelWithDebInfo|x86.Build.0 = RelWithDebInfo|x64
		{47BE4D16-8E10-3D86-8998-1D36FF088440}.Debug|x64.ActiveCfg = Debug|x64
		{47BE4D16-8E10-3D86-8998-1D36FF088440}.Debug|x64.Build.0 = Debug|x64
		{47BE4D16-8E10-3D86-8998-1D36FF088440}.Debug|x86.ActiveCfg = Debug|x64
		{47BE4D16-8E10-3D86-8998-1D36FF088440}.Debug|x86.Build.0 = Debug|x64
		{47BE4D16-8E10-3D86-8998-1D36FF088440}.MinSizeRel|x64.ActiveCfg = MinSizeRel|x64
		{47BE4D16-8E10-3D86-8998-1D36FF088440}.MinSizeRel|x64.Build.0 = MinSizeRel|x64
		{47BE4D16-8E10-3D86-8998-1D36FF088440}.MinSizeRel|x86.ActiveCfg = MinSizeRel|x64
		{47BE4D16-8E10-3D86-8998-1D36FF088440}.MinSizeRel|x86.Build.0 = MinSizeRel|x64
		{47BE4D16-8E10-3D86-8998-1D36FF088440}.Release|x64.ActiveCfg = Release|x64
		{47BE4D16-8E10-3D86-8998-1D36FF088440}.Release|x64.Build.0 = Release|x64
		{47BE4D16-8E10-3D86-8998-1D36FF088440}.Release|x86.ActiveCfg = Release|x64
		{47BE4D16-8E10-3D86-8998-1D36FF088440}.Release|x86.Build.0 = Release|x64
		{47BE4D16-8E10-3D86-8998-1D36FF088440}.RelWithDebInfo|x64.ActiveCfg = RelWithDebInfo|x64
		{47BE4D16-8E10-3D86-8998-1D36FF088440}.RelWithDebInfo|x64.Build.0 = RelWithDebInfo|x64
		{47BE4D16-8E10-3D86-8998-1D36FF088440}.RelWithDebInfo|x86.ActiveCfg = RelWithDebInfo|x64
		{47BE4D16-8E10-3D86-8998-1D36FF088440}.RelWithDebInfo|x86.Build.0 = RelWithDebInfo|x64
		{75E7AE44-15E0-356F-A77F-6BDBEA9206C9}.Debug|x64.ActiveCfg = Debug|x64
		{75E7AE44-15E0-356F-A77F-6BDBEA9206C9}.Debug|x64.Build.0 = Debug|x64
		{75E7AE44-15E0-356F-A77F-6BDBEA9206C9}.Debug|x86.ActiveCfg = Debug|x64
		{75E7AE44-15E0-356F-A77F-6BDBEA9206C9}.Debug|x86.Build.0 = Debug|x64
		{75E7AE44-15E0-356F-A77F-6BDBEA9206C9}.MinSizeRel|x64.ActiveCfg = MinSizeRel|x64
		{75E7AE44-15E0-356F-A77F-6BDBEA9206C9}.MinSizeRel|x64.Build.0 = MinSizeRel|x64
		{75E7AE44-15E0-356F-A77F-6BDBEA9206C9}.MinSizeRel|x86.ActiveCfg = MinSizeRel|x64
		{75E7AE44-15E0-356F-A77F-6BDBEA9206C9}.MinSizeRel|x86.Build.0 = MinSizeRel|x64
		{75E7AE44-15E0-356F-A77F-6BDBEA9206C9}.Release|x64.ActiveCfg = Release|x64
		{75E7AE44-15E0-356F-A77F-6BDBEA9206C9}.Release|x64.Build.0 = Release|x64
		{75E7AE44-15E0-356F-A77F-6BDBEA9206C9}.Release|x86.ActiveCfg = Release|x64
		{75E7AE44-15E0-356F-A77F-6BDBEA9206C9}.Release|x86.Build.0 = Release|x64
		{75E7AE44-15E0-356F-A77F-6BDBEA9206C9}.RelWithDebInfo|x64.ActiveCfg = RelWithDebInfo|x64
		{75E7AE44-15E0-356F-A77F-6BDBEA9206C9}.RelWithDebInfo|x64.Build.0 = RelWithDebInfo|x64
		{75E7AE44-15E0-356F-A77F-6BDBEA9206C9}.RelWithDebInfo|x86.ActiveCfg = RelWithDebInfo|x64
		{75E7AE44-15E0-356F-A77F-6BDBEA9206C9}.RelWithDebInfo|x86.Build.0 = RelWithDebInfo|x64
		{01A13F13-C3AF-3B8D-9055-1E34C72EB3D5}.Debug|x64.ActiveCfg = Debug|x64
		{01A13F13-C3AF-3B8D-9055-1E34C72EB3D5}.Debug|x64.Build.0 = Debug|x64
		{01A13F13-C3AF-3B8D-9055-1E34C72EB3D5}.Debug|x86.ActiveCfg = Debug|x64
		{01A13F13-C3AF-3B8D-9055-1E34C72EB3D5}.Debug|x86.Build.0 = Debug|x64
		{01A13F13-C3AF-3B8D-9055-1E34C72EB3D5}.MinSizeRel|x64.ActiveCfg = MinSizeRel|x64
		{01A13F13-C3AF-3B8D-9055-1E34C72EB3D5}.MinSizeRel|x64.Build.0 = MinSizeRel|x64
		{01A13F13-C3AF-3B8D-9055-1E34C72EB3D5}.MinSizeRel|x86.ActiveCfg = MinSizeRel|x64
		{01A13F13-C3AF-3B8D-9055-1E34C72EB3D5}.MinSizeRel|x86.Build.0 = MinSizeRel|x64
		{01A13F13-C3AF-3B8D-9055-1E34C72EB3D5}.Release|x64.ActiveCfg = Release|x64
		{01A13F13-C3AF-3B8D-9055-1E34C72EB3D5}.Release|x64.Build.0 = Release|x64
		{01A13F13-C3AF-3B8D-9055-1E34C72EB3D5}.Release|x86.ActiveCfg = Release|x64
		{01A13F13-C3AF-3B8D-9055-1E34C72EB3D5}.Release|x86.Build.0 = Release|x64
		{01A13F13-C3AF-3B8D-9055-1E34C72EB3D5}.RelWithDebInfo|x64.ActiveCfg = RelWithDebInfo|x64
		{01A13F13-C3AF-3B8D-9055-1E34C72EB3D5}.RelWithDebInfo|x64.Build.0 = RelWithDebInfo|x64
		{01A13F13-C3AF-3B8D-9055-1E34C72EB3D5}.RelWithDebInfo|x86.ActiveCfg = RelWithDebInfo|x64
		{01A13F13-C3AF-3B8D-9055-1E34C72EB3D5}.RelWithDebInfo|x86.Build.0 = RelWithDebInfo|x64
		{F1D98777-5D7B-3A1B-BBFE-A32E26B18058}.Debug|x64.ActiveCfg = Debug|x64
		{F1D98777-5D7B-3A1B-BBFE-A32E26B18058}.Debug|x64.Build.0 = Debug|x64
		{F1D98777-5D7B-3A1B-BBFE-A32E26B18058}.Debug|x86.ActiveCfg = Debug|x64
		{F1D98777-5D7B-3A1B-BBFE-A32E26B18058}.Debug|x86.Build.0 = Debug|x64
		{F1D98777-5D7B-3A1B-BBFE-A32E26B18058}.MinSizeRel|x64.ActiveCfg = MinSizeRel|x64
		{F1D98777-5D7B-3A1B-BBFE-A32E26B18058}.MinSizeRel|x64.Build.0 = MinSizeRel|x64
		{F1D98777-5D7B-3A1B-BBFE-A32E26B18058}.MinSizeRel|x86.ActiveCfg = MinSizeRel|x64
		{F1D98777-5D7B-3A1B-BBFE-A32E26B18058}.MinSizeRel|x86.Build.0 = MinSizeRel|x64
		{F1D98777-5D7B-3A1B-BBFE-A32E26B18058}.Release|x64.ActiveCfg = Release|x64
		{F1D98777-5D7B-3A1B-BBFE-A32E26B18058}.Release|x64.Build.0 = Release|x64
		{F1D98777-5D7B-3A1B-BBFE-A32E26B18058}.Release|x86.ActiveCfg = Release|x64
		{F1D98777-5D7B-3A1B-BBFE-A32E26B18058}.Release|x86.Build.0 = Release|x64
		{F1D98777-5D7B-3A1B-BBFE-A32E26B18058}.RelWithDebInfo|x64.ActiveCfg = RelWithDebInfo|x64
		{F1D98777-5D7B-3A1B-BBFE-A32E26B18058}.RelWithDebInfo|x64.Build.0 = RelWithDebInfo|x64
		{F1D98777-5D7B-3A1B-BBFE-A32E26B18058}.RelWithDebInfo|x86.ActiveCfg = RelWithDebInfo|x64
		{F1D98777-5D7B-3A1B-BBFE-A32E26B18058}.RelWithDebInfo|x86.Build.0 = RelWithDebInfo|x64
		{898B04FE-1A94-406A-9618-735E377BD645}.Debug|x64.ActiveCfg = Debug|x64
		{898B04FE-1A94-406A-9618-735E377BD645}.Debug|x64.Build.0 = Debug|x64
		{898B04FE-1A94-406A-9618-735E377BD645}.Debug|x86.ActiveCfg = Debug|x64
		{898B04FE-1A94-406A-9618-735E377BD645}.Debug|x86.Build.0 = Debug|x64
		{898B04FE-1A94-406A-9618-735E377BD645}.MinSizeRel|x64.ActiveCfg = MinSizeRel|x64
		{898B04FE-1A94-406A-9618-735E377BD645}.MinSizeRel|x64.Build.0 = MinSizeRel|x64
		{898B04FE-1A94-406A-9618-735E377BD645}.MinSizeRel|x86.ActiveCfg = MinSizeRel|x64
		{898B04FE-1A94-406A-9618-735E377BD645}.MinSizeRel|x86.Build.0 = MinSizeRel|x64
		{898B04FE-1A94-406A-9618-735E377BD645}.Release|x64.ActiveCfg = Release|x64
		{898B04FE-1A94-406A-9618-735E377BD645}.Release|x64.Build.0 = Release|x64
		{898B04FE-1A94-406A-9618-735E377BD645}.Release|x86.ActiveCfg = Release|x64
		{898B04FE-1A94-406A-9618-735E377BD645}.Release|x86.Build.0 = Release|x64
		{898B04FE-1A94-406A-9618-735E377BD645}.RelWithDebInfo|x64.ActiveCfg = RelWithDebInfo|x64
		{898B04FE-1A94-406A-9618-735E377BD645}.RelWithDebInfo|x64.Build.0 = RelWithDebInfo|x64
		{898B04FE-1A94-406A-9618-735E377BD645}.RelWithDebInfo|x86.ActiveCfg = RelWithDebInfo|x64
		{898B04FE-1A94-406A-9618-735E377BD645}.RelWithDebInfo|x86.Build.0 = RelWithDebInfo|x64
	EndGlobalSection
	GlobalSection(SolutionProperties) = preSolution
		HideSolutionNode = FALSE
	EndGlobalSection
	GlobalSection(ExtensibilityGlobals) = postSolution
		SolutionGuid = {B776BC7B-39EF-397E-99B1-A1151EF89303}
	EndGlobalSection
EndGlobal
